
Microsoft Visual Studio Solution File, Format Version 12.00
# Visual Studio Version 17
VisualStudioVersion = 17.11.35303.130
MinimumVisualStudioVersion = 10.0.40219.1
Project("{8BC9CEB8-8B4A-11D0-8D11-00A0C91BC942}") = "UnitTest102", "UnitTest102\UnitTest102.vcxproj", "{C98702BB-4029-4A70-BCF7-FD9A6829D162}"
EndProject
Global
	GlobalSection(SolutionConfigurationPlatforms) = preSolution
		Debug|x64 = Debug|x64
		Debug|x86 = Debug|x86
		Release|x64 = Release|x64
		Release|x86 = Release|x86
	EndGlobalSection
	GlobalSection(ProjectConfigurationPlatforms) = postSolution
		{C98702BB-4029-4A70-BCF7-FD9A6829D162}.Debug|x64.ActiveCfg = Debug|x64
		{C98702BB-4029-4A70-BCF7-FD9A6829D162}.Debug|x64.Build.0 = Debug|x64
		{C98702BB-4029-4A70-BCF7-FD9A6829D162}.Debug|x86.ActiveCfg = Debug|Win32
		{C98702BB-4029-4A70-BCF7-FD9A6829D162}.Debug|x86.Build.0 = Debug|Win32
		{C98702BB-4029-4A70-BCF7-FD9A6829D162}.Release|x64.ActiveCfg = Release|x64
		{C98702BB-4029-4A70-BCF7-FD9A6829D162}.Release|x64.Build.0 = Release|x64
		{C98702BB-4029-4A70-BCF7-FD9A6829D162}.Release|x86.ActiveCfg = Release|Win32
		{C98702BB-4029-4A70-BCF7-FD9A6829D162}.Release|x86.Build.0 = Release|Win32
	EndGlobalSection
	GlobalSection(SolutionProperties) = preSolution
		HideSolutionNode = FALSE
	EndGlobalSection
	GlobalSection(ExtensibilityGlobals) = postSolution
		SolutionGuid = {66477E00-7D33-4DAE-BABD-D6FA5B05658A}
	EndGlobalSection
EndGlobal
